
Microsoft Visual Studio Solution File, Format Version 12.00
# Visual Studio 15
VisualStudioVersion = 15.0.27004.2008
MinimumVisualStudioVersion = 10.0.40219.1
Project("{FAE04EC0-301F-11D3-BF4B-00C04F79EFBC}") = "NetworkLibrary", "NetworkLibrary\NetworkLibrary.csproj", "{D9E86A7A-57A6-4436-8CB8-5450FE3D4FD2}"
EndProject
Global
	GlobalSection(SolutionConfigurationPlatforms) = preSolution
		Debug|Any CPU = Debug|Any CPU
		Release|Any CPU = Release|Any CPU
	EndGlobalSection
	GlobalSection(ProjectConfigurationPlatforms) = postSolution
		{D9E86A7A-57A6-4436-8CB8-5450FE3D4FD2}.Debug|Any CPU.ActiveCfg = Debug|Any CPU
		{D9E86A7A-57A6-4436-8CB8-5450FE3D4FD2}.Debug|Any CPU.Build.0 = Debug|Any CPU
		{D9E86A7A-57A6-4436-8CB8-5450FE3D4FD2}.Release|Any CPU.ActiveCfg = Release|Any CPU
		{D9E86A7A-57A6-4436-8CB8-5450FE3D4FD2}.Release|Any CPU.Build.0 = Release|Any CPU
	EndGlobalSection
	GlobalSection(SolutionProperties) = preSolution
		HideSolutionNode = FALSE
	EndGlobalSection
	GlobalSection(ExtensibilityGlobals) = postSolution
		SolutionGuid = {B86DC3CF-3EA1-45B9-B95E-DED35AF646DA}
	EndGlobalSection
EndGlobal
